{
  "name": "simple-name-generator",
  "version": "1.0.0",
  "lockfileVersion": 1,
  "requires": true,
  "dependencies": {
    "@types/probability-distributions": {
      "version": "0.1.0",
      "resolved": "https://registry.npmjs.org/@types/probability-distributions/-/probability-distributions-0.1.0.tgz",
      "integrity": "sha512-Eqj4HPqGew7N3JKzLORM4/r5XnJTT1oZzi2Baglz2kbANViVZmgG66On1WO0iHJqH1jeeseCoMXM8qMNzG9bBA==",
      "dev": true
    },
    "crypto": {
      "version": "0.0.3",
      "resolved": "https://registry.npmjs.org/crypto/-/crypto-0.0.3.tgz",
      "integrity": "sha1-RwqBuGvkxe4XrMggeh9TFa4g27A="
    },
    "probability-distributions": {
      "version": "0.9.1",
      "resolved": "https://registry.npmjs.org/probability-distributions/-/probability-distributions-0.9.1.tgz",
      "integrity": "sha1-xonI1iFzuygaCZnpgmOsx2pijlU=",
      "requires": {
        "crypto": "0.0.3"
      }
    }
  }
}
